Microsoft Visual Studio Solution File, Format Version 12.00
# Visual Studio Version 16
VisualStudioVersion = 16.0.29230.61
MinimumVisualStudioVersion = 10.0.40219.1
Project("{FAE04EC0-301F-11D3-BF4B-00C04F79EFBC}") = "WpfPerformance", "Demos\WpfPerformance\WpfPerformance.csproj", "{7E7B8AAA-E32D-4C86-91B8-AB6D3141E45E}"
EndProject
Project("{2150E333-8FDC-42A3-9474-1A3956D46DE8}") = "Demos", "Demos", "{CE4D1B55-5B70-4753-8CC6-17C4DC79C11A}"
EndProject
Project("{FAE04EC0-301F-11D3-BF4B-00C04F79EFBC}") = "UnitTestWSF", "Demos\UnitTestWSF\UnitTestWSF.csproj", "{534DE0E7-B6F9-4AD6-9036-82A6102B83D5}"
EndProject
Project("{FAE04EC0-301F-11D3-BF4B-00C04F79EFBC}") = "WSF", "WSF\WSF.csproj", "{17A98155-DDAE-4B97-A48B-C1E0A077049D}"
EndProject
Project("{FAE04EC0-301F-11D3-BF4B-00C04F79EFBC}") = "PerformanceTestClient", "Demos\PerformanceTestClient\PerformanceTestClient.csproj", "{32862E40-CE5A-416C-B521-CBC5085CA380}"
EndProject
Project("{FAE04EC0-301F-11D3-BF4B-00C04F79EFBC}") = "Client", "Demos\Client\Client.csproj", "{98CBF8F8-CC49-4EA6-BDAB-EEE551516230}"
EndProject
Global
	GlobalSection(SolutionConfigurationPlatforms) = preSolution
		Debug|Any CPU = Debug|Any CPU
		Debug|x64 = Debug|x64
		Debug|x86 = Debug|x86
		Release|Any CPU = Release|Any CPU
		Release|x64 = Release|x64
		Release|x86 = Release|x86
	EndGlobalSection
	GlobalSection(ProjectConfigurationPlatforms) = postSolution
		{534DE0E7-B6F9-4AD6-9036-82A6102B83D5}.Debug|Any CPU.ActiveCfg = Debug|Any CPU
		{534DE0E7-B6F9-4AD6-9036-82A6102B83D5}.Debug|Any CPU.Build.0 = Debug|Any CPU
		{534DE0E7-B6F9-4AD6-9036-82A6102B83D5}.Debug|x64.ActiveCfg = Debug|Any CPU
		{534DE0E7-B6F9-4AD6-9036-82A6102B83D5}.Debug|x64.Build.0 = Debug|Any CPU
		{534DE0E7-B6F9-4AD6-9036-82A6102B83D5}.Debug|x86.ActiveCfg = Debug|Any CPU
		{534DE0E7-B6F9-4AD6-9036-82A6102B83D5}.Debug|x86.Build.0 = Debug|Any CPU
		{534DE0E7-B6F9-4AD6-9036-82A6102B83D5}.Release|Any CPU.ActiveCfg = Release|Any CPU
		{534DE0E7-B6F9-4AD6-9036-82A6102B83D5}.Release|Any CPU.Build.0 = Release|Any CPU
		{534DE0E7-B6F9-4AD6-9036-82A6102B83D5}.Release|x64.ActiveCfg = Release|Any CPU
		{534DE0E7-B6F9-4AD6-9036-82A6102B83D5}.Release|x64.Build.0 = Release|Any CPU
		{534DE0E7-B6F9-4AD6-9036-82A6102B83D5}.Release|x86.ActiveCfg = Release|Any CPU
		{534DE0E7-B6F9-4AD6-9036-82A6102B83D5}.Release|x86.Build.0 = Release|Any CPU
		{17A98155-DDAE-4B97-A48B-C1E0A077049D}.Debug|Any CPU.ActiveCfg = Debug|Any CPU
		{17A98155-DDAE-4B97-A48B-C1E0A077049D}.Debug|Any CPU.Build.0 = Debug|Any CPU
		{17A98155-DDAE-4B97-A48B-C1E0A077049D}.Debug|x64.ActiveCfg = Debug|Any CPU
		{17A98155-DDAE-4B97-A48B-C1E0A077049D}.Debug|x64.Build.0 = Debug|Any CPU
		{17A98155-DDAE-4B97-A48B-C1E0A077049D}.Debug|x86.ActiveCfg = Debug|Any CPU
		{17A98155-DDAE-4B97-A48B-C1E0A077049D}.Debug|x86.Build.0 = Debug|Any CPU
		{17A98155-DDAE-4B97-A48B-C1E0A077049D}.Release|Any CPU.ActiveCfg = Release|Any CPU
		{17A98155-DDAE-4B97-A48B-C1E0A077049D}.Release|Any CPU.Build.0 = Release|Any CPU
		{17A98155-DDAE-4B97-A48B-C1E0A077049D}.Release|x64.ActiveCfg = Release|Any CPU
		{17A98155-DDAE-4B97-A48B-C1E0A077049D}.Release|x64.Build.0 = Release|Any CPU
		{17A98155-DDAE-4B97-A48B-C1E0A077049D}.Release|x86.ActiveCfg = Release|Any CPU
		{17A98155-DDAE-4B97-A48B-C1E0A077049D}.Release|x86.Build.0 = Release|Any CPU
		{7E7B8AAA-E32D-4C86-91B8-AB6D3141E45E}.Debug|Any CPU.ActiveCfg = Debug|Any CPU
		{7E7B8AAA-E32D-4C86-91B8-AB6D3141E45E}.Debug|Any CPU.Build.0 = Debug|Any CPU
		{7E7B8AAA-E32D-4C86-91B8-AB6D3141E45E}.Debug|x64.ActiveCfg = Debug|Any CPU
		{7E7B8AAA-E32D-4C86-91B8-AB6D3141E45E}.Debug|x64.Build.0 = Debug|Any CPU
		{7E7B8AAA-E32D-4C86-91B8-AB6D3141E45E}.Debug|x86.ActiveCfg = Debug|Any CPU
		{7E7B8AAA-E32D-4C86-91B8-AB6D3141E45E}.Debug|x86.Build.0 = Debug|Any CPU
		{7E7B8AAA-E32D-4C86-91B8-AB6D3141E45E}.Release|Any CPU.ActiveCfg = Release|Any CPU
		{7E7B8AAA-E32D-4C86-91B8-AB6D3141E45E}.Release|Any CPU.Build.0 = Release|Any CPU
		{7E7B8AAA-E32D-4C86-91B8-AB6D3141E45E}.Release|x64.ActiveCfg = Release|Any CPU
		{7E7B8AAA-E32D-4C86-91B8-AB6D3141E45E}.Release|x64.Build.0 = Release|Any CPU
		{7E7B8AAA-E32D-4C86-91B8-AB6D3141E45E}.Release|x86.ActiveCfg = Release|Any CPU
		{7E7B8AAA-E32D-4C86-91B8-AB6D3141E45E}.Release|x86.Build.0 = Release|Any CPU
		{32862E40-CE5A-416C-B521-CBC5085CA380}.Debug|Any CPU.ActiveCfg = Debug|Any CPU
		{32862E40-CE5A-416C-B521-CBC5085CA380}.Debug|Any CPU.Build.0 = Debug|Any CPU
		{32862E40-CE5A-416C-B521-CBC5085CA380}.Debug|x64.ActiveCfg = Debug|Any CPU
		{32862E40-CE5A-416C-B521-CBC5085CA380}.Debug|x64.Build.0 = Debug|Any CPU
		{32862E40-CE5A-416C-B521-CBC5085CA380}.Debug|x86.ActiveCfg = Debug|Any CPU
		{32862E40-CE5A-416C-B521-CBC5085CA380}.Debug|x86.Build.0 = Debug|Any CPU
		{32862E40-CE5A-416C-B521-CBC5085CA380}.Release|Any CPU.ActiveCfg = Release|Any CPU
		{32862E40-CE5A-416C-B521-CBC5085CA380}.Release|Any CPU.Build.0 = Release|Any CPU
		{32862E40-CE5A-416C-B521-CBC5085CA380}.Release|x64.ActiveCfg = Release|Any CPU
		{32862E40-CE5A-416C-B521-CBC5085CA380}.Release|x64.Build.0 = Release|Any CPU
		{32862E40-CE5A-416C-B521-CBC5085CA380}.Release|x86.ActiveCfg = Release|Any CPU
		{32862E40-CE5A-416C-B521-CBC5085CA380}.Release|x86.Build.0 = Release|Any CPU
		{98CBF8F8-CC49-4EA6-BDAB-EEE551516230}.Debug|Any CPU.ActiveCfg = Debug|Any CPU
		{98CBF8F8-CC49-4EA6-BDAB-EEE551516230}.Debug|Any CPU.Build.0 = Debug|Any CPU
		{98CBF8F8-CC49-4EA6-BDAB-EEE551516230}.Debug|x64.ActiveCfg = Debug|Any CPU
		{98CBF8F8-CC49-4EA6-BDAB-EEE551516230}.Debug|x64.Build.0 = Debug|Any CPU
		{98CBF8F8-CC49-4EA6-BDAB-EEE551516230}.Debug|x86.ActiveCfg = Debug|Any CPU
		{98CBF8F8-CC49-4EA6-BDAB-EEE551516230}.Debug|x86.Build.0 = Debug|Any CPU
		{98CBF8F8-CC49-4EA6-BDAB-EEE551516230}.Release|Any CPU.ActiveCfg = Release|Any CPU
		{98CBF8F8-CC49-4EA6-BDAB-EEE551516230}.Release|Any CPU.Build.0 = Release|Any CPU
		{98CBF8F8-CC49-4EA6-BDAB-EEE551516230}.Release|x64.ActiveCfg = Release|Any CPU
		{98CBF8F8-CC49-4EA6-BDAB-EEE551516230}.Release|x64.Build.0 = Release|Any CPU
		{98CBF8F8-CC49-4EA6-BDAB-EEE551516230}.Release|x86.ActiveCfg = Release|Any CPU
		{98CBF8F8-CC49-4EA6-BDAB-EEE551516230}.Release|x86.Build.0 = Release|Any CPU
	EndGlobalSection
	GlobalSection(SolutionProperties) = preSolution
		HideSolutionNode = FALSE
	EndGlobalSection
	GlobalSection(NestedProjects) = preSolution
		{534DE0E7-B6F9-4AD6-9036-82A6102B83D5} = {CE4D1B55-5B70-4753-8CC6-17C4DC79C11A}
		{7E7B8AAA-E32D-4C86-91B8-AB6D3141E45E} = {CE4D1B55-5B70-4753-8CC6-17C4DC79C11A}
		{32862E40-CE5A-416C-B521-CBC5085CA380} = {CE4D1B55-5B70-4753-8CC6-17C4DC79C11A}
		{98CBF8F8-CC49-4EA6-BDAB-EEE551516230} = {CE4D1B55-5B70-4753-8CC6-17C4DC79C11A}
	EndGlobalSection
	GlobalSection(ExtensibilityGlobals) = postSolution
		SolutionGuid = {BF54795A-160E-4272-A394-F23A4AA5AF62}
	EndGlobalSection
EndGlobal
